
Microsoft Visual Studio Solution File, Format Version 12.00
# Visual Studio 15
VisualStudioVersion = 15.0.28307.136
MinimumVisualStudioVersion = 10.0.40219.1
Project("{FAE04EC0-301F-11D3-BF4B-00C04F79EFBC}") = "Sename.Senainfo.CreaCodigo", "Sename.Senainfo.CreaCodigo\Sename.Senainfo.CreaCodigo.csproj", "{587774E1-C288-4C3F-8119-FB8A5441DD32}"
EndProject
Global
	GlobalSection(SolutionConfigurationPlatforms) = preSolution
		Debug|Any CPU = Debug|Any CPU
		Release|Any CPU = Release|Any CPU
	EndGlobalSection
	GlobalSection(ProjectConfigurationPlatforms) = postSolution
		{587774E1-C288-4C3F-8119-FB8A5441DD32}.Debug|Any CPU.ActiveCfg = Debug|Any CPU
		{587774E1-C288-4C3F-8119-FB8A5441DD32}.Debug|Any CPU.Build.0 = Debug|Any CPU
		{587774E1-C288-4C3F-8119-FB8A5441DD32}.Release|Any CPU.ActiveCfg = Release|Any CPU
		{587774E1-C288-4C3F-8119-FB8A5441DD32}.Release|Any CPU.Build.0 = Release|Any CPU
	EndGlobalSection
	GlobalSection(SolutionProperties) = preSolution
		HideSolutionNode = FALSE
	EndGlobalSection
	GlobalSection(ExtensibilityGlobals) = postSolution
		SolutionGuid = {0CCA3B60-C76D-413F-A18C-09F2E9EDFC1C}
	EndGlobalSection
EndGlobal
